
Microsoft Visual Studio Solution File, Format Version 12.00
# Visual Studio Version 16
VisualStudioVersion = 16.0.30804.86
MinimumVisualStudioVersion = 10.0.40219.1
Project("{9A19103F-16F7-4668-BE54-9A1E7A4F7556}") = "GrpcServer", "GrpcServer\GrpcServer.csproj", "{05146873-43AD-4CC7-BB04-37F8E8B319F5}"
EndProject
Project("{9A19103F-16F7-4668-BE54-9A1E7A4F7556}") = "GrpcClient", "GrpcClient\GrpcClient.csproj", "{4305682E-FCFF-4B32-87E7-92036E14AF9E}"
EndProject
Global
	GlobalSection(SolutionConfigurationPlatforms) = preSolution
		Debug|Any CPU = Debug|Any CPU
		Release|Any CPU = Release|Any CPU
	EndGlobalSection
	GlobalSection(ProjectConfigurationPlatforms) = postSolution
		{05146873-43AD-4CC7-BB04-37F8E8B319F5}.Debug|Any CPU.ActiveCfg = Debug|Any CPU
		{05146873-43AD-4CC7-BB04-37F8E8B319F5}.Debug|Any CPU.Build.0 = Debug|Any CPU
		{05146873-43AD-4CC7-BB04-37F8E8B319F5}.Release|Any CPU.ActiveCfg = Release|Any CPU
		{05146873-43AD-4CC7-BB04-37F8E8B319F5}.Release|Any CPU.Build.0 = Release|Any CPU
		{4305682E-FCFF-4B32-87E7-92036E14AF9E}.Debug|Any CPU.ActiveCfg = Debug|Any CPU
		{4305682E-FCFF-4B32-87E7-92036E14AF9E}.Debug|Any CPU.Build.0 = Debug|Any CPU
		{4305682E-FCFF-4B32-87E7-92036E14AF9E}.Release|Any CPU.ActiveCfg = Release|Any CPU
		{4305682E-FCFF-4B32-87E7-92036E14AF9E}.Release|Any CPU.Build.0 = Release|Any CPU
	EndGlobalSection
	GlobalSection(SolutionProperties) = preSolution
		HideSolutionNode = FALSE
	EndGlobalSection
	GlobalSection(ExtensibilityGlobals) = postSolution
		SolutionGuid = {56DA5913-B885-4F59-866A-0394D0B9EF40}
	EndGlobalSection
EndGlobal
